{
  "name": "helm-react-wrapper",
  "version": "1.0.0",
  "lockfileVersion": 2,
  "requires": true,
  "packages": {
    "": {
      "name": "helm-react-wrapper",
      "version": "1.0.0",
      "license": "MIT",
      "devDependencies": {
        "@types/react": "^18.2.29",
        "react": "^18.2.0",
        "rollup": "^4.1.4",
        "typescript": "^5.2.2"
      }
    },
    "node_modules/@rollup/rollup-android-arm-eabi": {
      "version": "4.1.4",
      "resolved": "https://registry.npmjs.org/@rollup/rollup-android-arm-eabi/-/rollup-android-arm-eabi-4.1.4.tgz",
      "integrity": "sha512-WlzkuFvpKl6CLFdc3V6ESPt7gq5Vrimd2Yv9IzKXdOpgbH4cdDSS1JLiACX8toygihtH5OlxyQzhXOph7Ovlpw==",
      "cpu": [
        "arm"
      ],
      "dev": true,
      "optional": true,
      "os": [
        "android"
      ]
    },
    "node_modules/@rollup/rollup-android-arm64": {
      "version": "4.1.4",
      "resolved": "https://registry.npmjs.org/@rollup/rollup-android-arm64/-/rollup-android-arm64-4.1.4.tgz",
      "integrity": "sha512-D1e+ABe56T9Pq2fD+R3ybe1ylCDzu3tY4Qm2Mj24R9wXNCq35+JbFbOpc2yrroO2/tGhTobmEl2Bm5xfE/n8RA==",
      "cpu": [
        "arm64"
      ],
      "dev": true,
      "optional": true,
      "os": [
        "android"
      ]
    },
    "node_modules/@rollup/rollup-darwin-arm64": {
      "version": "4.1.4",
      "resolved": "https://registry.npmjs.org/@rollup/rollup-darwin-arm64/-/rollup-darwin-arm64-4.1.4.tgz",
      "integrity": "sha512-7vTYrgEiOrjxnjsgdPB+4i7EMxbVp7XXtS+50GJYj695xYTTEMn3HZVEvgtwjOUkAP/Q4HDejm4fIAjLeAfhtg==",
      "cpu": [
        "arm64"
      ],
      "dev": true,
      "optional": true,
      "os": [
        "darwin"
      ]
    },
    "node_modules/@rollup/rollup-darwin-x64": {
      "version": "4.1.4",
      "resolved": "https://registry.npmjs.org/@rollup/rollup-darwin-x64/-/rollup-darwin-x64-4.1.4.tgz",
      "integrity": "sha512-eGJVZScKSLZkYjhTAESCtbyTBq9SXeW9+TX36ki5gVhDqJtnQ5k0f9F44jNK5RhAMgIj0Ht9+n6HAgH0gUUyWQ==",
      "cpu": [
        "x64"
      ],
      "dev": true,
      "optional": true,
      "os": [
        "darwin"
      ]
    },
    "node_modules/@rollup/rollup-linux-arm-gnueabihf": {
      "version": "4.1.4",
      "resolved": "https://registry.npmjs.org/@rollup/rollup-linux-arm-gnueabihf/-/rollup-linux-arm-gnueabihf-4.1.4.tgz",
      "integrity": "sha512-HnigYSEg2hOdX1meROecbk++z1nVJDpEofw9V2oWKqOWzTJlJf1UXVbDE6Hg30CapJxZu5ga4fdAQc/gODDkKg==",
      "cpu": [
        "arm"
      ],
      "dev": true,
      "optional": true,
      "os": [
        "linux"
      ]
    },
    "node_modules/@rollup/rollup-linux-arm64-gnu": {
      "version": "4.1.4",
      "resolved": "https://registry.npmjs.org/@rollup/rollup-linux-arm64-gnu/-/rollup-linux-arm64-gnu-4.1.4.tgz",
      "integrity": "sha512-TzJ+N2EoTLWkaClV2CUhBlj6ljXofaYzF/R9HXqQ3JCMnCHQZmQnbnZllw7yTDp0OG5whP4gIPozR4QiX+00MQ==",
      "cpu": [
        "arm64"
      ],
      "dev": true,
      "optional": true,
      "os": [
        "linux"
      ]
    },
    "node_modules/@rollup/rollup-linux-arm64-musl": {
      "version": "4.1.4",
      "resolved": "https://registry.npmjs.org/@rollup/rollup-linux-arm64-musl/-/rollup-linux-arm64-musl-4.1.4.tgz",
      "integrity": "sha512-aVPmNMdp6Dlo2tWkAduAD/5TL/NT5uor290YvjvFvCv0Q3L7tVdlD8MOGDL+oRSw5XKXKAsDzHhUOPUNPRHVTQ==",
      "cpu": [
        "arm64"
      ],
      "dev": true,
      "optional": true,
      "os": [
        "linux"
      ]
    },
    "node_modules/@rollup/rollup-linux-x64-gnu": {
      "version": "4.1.4",
      "resolved": "https://registry.npmjs.org/@rollup/rollup-linux-x64-gnu/-/rollup-linux-x64-gnu-4.1.4.tgz",
      "integrity": "sha512-77Fb79ayiDad0grvVsz4/OB55wJRyw9Ao+GdOBA9XywtHpuq5iRbVyHToGxWquYWlEf6WHFQQnFEttsAzboyKg==",
      "cpu": [
        "x64"
      ],
      "dev": true,
      "optional": true,
      "os": [
        "linux"
      ]
    },
    "node_modules/@rollup/rollup-linux-x64-musl": {
      "version": "4.1.4",
      "resolved": "https://registry.npmjs.org/@rollup/rollup-linux-x64-musl/-/rollup-linux-x64-musl-4.1.4.tgz",
      "integrity": "sha512-/t6C6niEQTqmQTVTD9TDwUzxG91Mlk69/v0qodIPUnjjB3wR4UA3klg+orR2SU3Ux2Cgf2pWPL9utK80/1ek8g==",
      "cpu": [
        "x64"
      ],
      "dev": true,
      "optional": true,
      "os": [
        "linux"
      ]
    },
    "node_modules/@rollup/rollup-win32-arm64-msvc": {
      "version": "4.1.4",
      "resolved": "https://registry.npmjs.org/@rollup/rollup-win32-arm64-msvc/-/rollup-win32-arm64-msvc-4.1.4.tgz",
      "integrity": "sha512-ZY5BHHrOPkMbCuGWFNpJH0t18D2LU6GMYKGaqaWTQ3CQOL57Fem4zE941/Ek5pIsVt70HyDXssVEFQXlITI5Gg==",
      "cpu": [
        "arm64"
      ],
      "dev": true,
      "optional": true,
      "os": [
        "win32"
      ]
    },
    "node_modules/@rollup/rollup-win32-ia32-msvc": {
      "version": "4.1.4",
      "resolved": "https://registry.npmjs.org/@rollup/rollup-win32-ia32-msvc/-/rollup-win32-ia32-msvc-4.1.4.tgz",
      "integrity": "sha512-XG2mcRfFrJvYyYaQmvCIvgfkaGinfXrpkBuIbJrTl9SaIQ8HumheWTIwkNz2mktCKwZfXHQNpO7RgXLIGQ7HXA==",
      "cpu": [
        "ia32"
      ],
      "dev": true,
      "optional": true,
      "os": [
        "win32"
      ]
    },
    "node_modules/@rollup/rollup-win32-x64-msvc": {
      "version": "4.1.4",
      "resolved": "https://registry.npmjs.org/@rollup/rollup-win32-x64-msvc/-/rollup-win32-x64-msvc-4.1.4.tgz",
      "integrity": "sha512-ANFqWYPwkhIqPmXw8vm0GpBEHiPpqcm99jiiAp71DbCSqLDhrtr019C5vhD0Bw4My+LmMvciZq6IsWHqQpl2ZQ==",
      "cpu": [
        "x64"
      ],
      "dev": true,
      "optional": true,
      "os": [
        "win32"
      ]
    },
    "node_modules/@types/prop-types": {
      "version": "15.7.9",
      "resolved": "https://registry.npmjs.org/@types/prop-types/-/prop-types-15.7.9.tgz",
      "integrity": "sha512-n1yyPsugYNSmHgxDFjicaI2+gCNjsBck8UX9kuofAKlc0h1bL+20oSF72KeNaW2DUlesbEVCFgyV2dPGTiY42g==",
      "dev": true
    },
    "node_modules/@types/react": {
      "version": "18.2.29",
      "resolved": "https://registry.npmjs.org/@types/react/-/react-18.2.29.tgz",
      "integrity": "sha512-Z+ZrIRocWtdD70j45izShRwDuiB4JZqDegqMFW/I8aG5DxxLKOzVNoq62UIO82v9bdgi+DO1jvsb9sTEZUSm+Q==",
      "dev": true,
      "dependencies": {
        "@types/prop-types": "*",
        "@types/scheduler": "*",
        "csstype": "^3.0.2"
      }
    },
    "node_modules/@types/scheduler": {
      "version": "0.16.5",
      "resolved": "https://registry.npmjs.org/@types/scheduler/-/scheduler-0.16.5.tgz",
      "integrity": "sha512-s/FPdYRmZR8SjLWGMCuax7r3qCWQw9QKHzXVukAuuIJkXkDRwp+Pu5LMIVFi0Fxbav35WURicYr8u1QsoybnQw==",
      "dev": true
    },
    "node_modules/csstype": {
      "version": "3.1.2",
      "resolved": "https://registry.npmjs.org/csstype/-/csstype-3.1.2.tgz",
      "integrity": "sha512-I7K1Uu0MBPzaFKg4nI5Q7Vs2t+3gWWW648spaF+Rg7pI9ds18Ugn+lvg4SHczUdKlHI5LWBXyqfS8+DufyBsgQ==",
      "dev": true
    },
    "node_modules/fsevents": {
      "version": "2.3.3",
      "resolved": "https://registry.npmjs.org/fsevents/-/fsevents-2.3.3.tgz",
      "integrity": "sha512-5xoDfX+fL7faATnagmWPpbFtwh/R77WmMMqqHGS65C3vvB0YHrgF+B1YmZ3441tMj5n63k0212XNoJwzlhffQw==",
      "dev": true,
      "hasInstallScript": true,
      "optional": true,
      "os": [
        "darwin"
      ],
      "engines": {
        "node": "^8.16.0 || ^10.6.0 || >=11.0.0"
      }
    },
    "node_modules/js-tokens": {
      "version": "4.0.0",
      "resolved": "https://registry.npmjs.org/js-tokens/-/js-tokens-4.0.0.tgz",
      "integrity": "sha512-RdJUflcE3cUzKiMqQgsCu06FPu9UdIJO0beYbPhHN4k6apgJtifcoCtT9bcxOpYBtpD2kCM6Sbzg4CausW/PKQ==",
      "dev": true
    },
    "node_modules/loose-envify": {
      "version": "1.4.0",
      "resolved": "https://registry.npmjs.org/loose-envify/-/loose-envify-1.4.0.tgz",
      "integrity": "sha512-lyuxPGr/Wfhrlem2CL/UcnUc1zcqKAImBDzukY7Y5F/yQiNdko6+fRLevlw1HgMySw7f611UIY408EtxRSoK3Q==",
      "dev": true,
      "dependencies": {
        "js-tokens": "^3.0.0 || ^4.0.0"
      },
      "bin": {
        "loose-envify": "cli.js"
      }
    },
    "node_modules/react": {
      "version": "18.2.0",
      "resolved": "https://registry.npmjs.org/react/-/react-18.2.0.tgz",
      "integrity": "sha512-/3IjMdb2L9QbBdWiW5e3P2/npwMBaU9mHCSCUzNln0ZCYbcfTsGbTJrU/kGemdH2IWmB2ioZ+zkxtmq6g09fGQ==",
      "dev": true,
      "dependencies": {
        "loose-envify": "^1.1.0"
      },
      "engines": {
        "node": ">=0.10.0"
      }
    },
    "node_modules/rollup": {
      "version": "4.1.4",
      "resolved": "https://registry.npmjs.org/rollup/-/rollup-4.1.4.tgz",
      "integrity": "sha512-U8Yk1lQRKqCkDBip/pMYT+IKaN7b7UesK3fLSTuHBoBJacCE+oBqo/dfG/gkUdQNNB2OBmRP98cn2C2bkYZkyw==",
      "dev": true,
      "bin": {
        "rollup": "dist/bin/rollup"
      },
      "engines": {
        "node": ">=18.0.0",
        "npm": ">=8.0.0"
      },
      "optionalDependencies": {
        "@rollup/rollup-android-arm-eabi": "4.1.4",
        "@rollup/rollup-android-arm64": "4.1.4",
        "@rollup/rollup-darwin-arm64": "4.1.4",
        "@rollup/rollup-darwin-x64": "4.1.4",
        "@rollup/rollup-linux-arm-gnueabihf": "4.1.4",
        "@rollup/rollup-linux-arm64-gnu": "4.1.4",
        "@rollup/rollup-linux-arm64-musl": "4.1.4",
        "@rollup/rollup-linux-x64-gnu": "4.1.4",
        "@rollup/rollup-linux-x64-musl": "4.1.4",
        "@rollup/rollup-win32-arm64-msvc": "4.1.4",
        "@rollup/rollup-win32-ia32-msvc": "4.1.4",
        "@rollup/rollup-win32-x64-msvc": "4.1.4",
        "fsevents": "~2.3.2"
      }
    },
    "node_modules/typescript": {
      "version": "5.2.2",
      "resolved": "https://registry.npmjs.org/typescript/-/typescript-5.2.2.tgz",
      "integrity": "sha512-mI4WrpHsbCIcwT9cF4FZvr80QUeKvsUsUvKDoR+X/7XHQH98xYD8YHZg7ANtz2GtZt/CBq2QJ0thkGJMHfqc1w==",
      "dev": true,
      "bin": {
        "tsc": "bin/tsc",
        "tsserver": "bin/tsserver"
      },
      "engines": {
        "node": ">=14.17"
      }
    }
  },
  "dependencies": {
    "@rollup/rollup-android-arm-eabi": {
      "version": "4.1.4",
      "resolved": "https://registry.npmjs.org/@rollup/rollup-android-arm-eabi/-/rollup-android-arm-eabi-4.1.4.tgz",
      "integrity": "sha512-WlzkuFvpKl6CLFdc3V6ESPt7gq5Vrimd2Yv9IzKXdOpgbH4cdDSS1JLiACX8toygihtH5OlxyQzhXOph7Ovlpw==",
      "dev": true,
      "optional": true
    },
    "@rollup/rollup-android-arm64": {
      "version": "4.1.4",
      "resolved": "https://registry.npmjs.org/@rollup/rollup-android-arm64/-/rollup-android-arm64-4.1.4.tgz",
      "integrity": "sha512-D1e+ABe56T9Pq2fD+R3ybe1ylCDzu3tY4Qm2Mj24R9wXNCq35+JbFbOpc2yrroO2/tGhTobmEl2Bm5xfE/n8RA==",
      "dev": true,
      "optional": true
    },
    "@rollup/rollup-darwin-arm64": {
      "version": "4.1.4",
      "resolved": "https://registry.npmjs.org/@rollup/rollup-darwin-arm64/-/rollup-darwin-arm64-4.1.4.tgz",
      "integrity": "sha512-7vTYrgEiOrjxnjsgdPB+4i7EMxbVp7XXtS+50GJYj695xYTTEMn3HZVEvgtwjOUkAP/Q4HDejm4fIAjLeAfhtg==",
      "dev": true,
      "optional": true
    },
    "@rollup/rollup-darwin-x64": {
      "version": "4.1.4",
      "resolved": "https://registry.npmjs.org/@rollup/rollup-darwin-x64/-/rollup-darwin-x64-4.1.4.tgz",
      "integrity": "sha512-eGJVZScKSLZkYjhTAESCtbyTBq9SXeW9+TX36ki5gVhDqJtnQ5k0f9F44jNK5RhAMgIj0Ht9+n6HAgH0gUUyWQ==",
      "dev": true,
      "optional": true
    },
    "@rollup/rollup-linux-arm-gnueabihf": {
      "version": "4.1.4",
      "resolved": "https://registry.npmjs.org/@rollup/rollup-linux-arm-gnueabihf/-/rollup-linux-arm-gnueabihf-4.1.4.tgz",
      "integrity": "sha512-HnigYSEg2hOdX1meROecbk++z1nVJDpEofw9V2oWKqOWzTJlJf1UXVbDE6Hg30CapJxZu5ga4fdAQc/gODDkKg==",
      "dev": true,
      "optional": true
    },
    "@rollup/rollup-linux-arm64-gnu": {
      "version": "4.1.4",
      "resolved": "https://registry.npmjs.org/@rollup/rollup-linux-arm64-gnu/-/rollup-linux-arm64-gnu-4.1.4.tgz",
      "integrity": "sha512-TzJ+N2EoTLWkaClV2CUhBlj6ljXofaYzF/R9HXqQ3JCMnCHQZmQnbnZllw7yTDp0OG5whP4gIPozR4QiX+00MQ==",
      "dev": true,
      "optional": true
    },
    "@rollup/rollup-linux-arm64-musl": {
      "version": "4.1.4",
      "resolved": "https://registry.npmjs.org/@rollup/rollup-linux-arm64-musl/-/rollup-linux-arm64-musl-4.1.4.tgz",
      "integrity": "sha512-aVPmNMdp6Dlo2tWkAduAD/5TL/NT5uor290YvjvFvCv0Q3L7tVdlD8MOGDL+oRSw5XKXKAsDzHhUOPUNPRHVTQ==",
      "dev": true,
      "optional": true
    },
    "@rollup/rollup-linux-x64-gnu": {
      "version": "4.1.4",
      "resolved": "https://registry.npmjs.org/@rollup/rollup-linux-x64-gnu/-/rollup-linux-x64-gnu-4.1.4.tgz",
      "integrity": "sha512-77Fb79ayiDad0grvVsz4/OB55wJRyw9Ao+GdOBA9XywtHpuq5iRbVyHToGxWquYWlEf6WHFQQnFEttsAzboyKg==",
      "dev": true,
      "optional": true
    },
    "@rollup/rollup-linux-x64-musl": {
      "version": "4.1.4",
      "resolved": "https://registry.npmjs.org/@rollup/rollup-linux-x64-musl/-/rollup-linux-x64-musl-4.1.4.tgz",
      "integrity": "sha512-/t6C6niEQTqmQTVTD9TDwUzxG91Mlk69/v0qodIPUnjjB3wR4UA3klg+orR2SU3Ux2Cgf2pWPL9utK80/1ek8g==",
      "dev": true,
      "optional": true
    },
    "@rollup/rollup-win32-arm64-msvc": {
      "version": "4.1.4",
      "resolved": "https://registry.npmjs.org/@rollup/rollup-win32-arm64-msvc/-/rollup-win32-arm64-msvc-4.1.4.tgz",
      "integrity": "sha512-ZY5BHHrOPkMbCuGWFNpJH0t18D2LU6GMYKGaqaWTQ3CQOL57Fem4zE941/Ek5pIsVt70HyDXssVEFQXlITI5Gg==",
      "dev": true,
      "optional": true
    },
    "@rollup/rollup-win32-ia32-msvc": {
      "version": "4.1.4",
      "resolved": "https://registry.npmjs.org/@rollup/rollup-win32-ia32-msvc/-/rollup-win32-ia32-msvc-4.1.4.tgz",
      "integrity": "sha512-XG2mcRfFrJvYyYaQmvCIvgfkaGinfXrpkBuIbJrTl9SaIQ8HumheWTIwkNz2mktCKwZfXHQNpO7RgXLIGQ7HXA==",
      "dev": true,
      "optional": true
    },
    "@rollup/rollup-win32-x64-msvc": {
      "version": "4.1.4",
      "resolved": "https://registry.npmjs.org/@rollup/rollup-win32-x64-msvc/-/rollup-win32-x64-msvc-4.1.4.tgz",
      "integrity": "sha512-ANFqWYPwkhIqPmXw8vm0GpBEHiPpqcm99jiiAp71DbCSqLDhrtr019C5vhD0Bw4My+LmMvciZq6IsWHqQpl2ZQ==",
      "dev": true,
      "optional": true
    },
    "@types/prop-types": {
      "version": "15.7.9",
      "resolved": "https://registry.npmjs.org/@types/prop-types/-/prop-types-15.7.9.tgz",
      "integrity": "sha512-n1yyPsugYNSmHgxDFjicaI2+gCNjsBck8UX9kuofAKlc0h1bL+20oSF72KeNaW2DUlesbEVCFgyV2dPGTiY42g==",
      "dev": true
    },
    "@types/react": {
      "version": "18.2.29",
      "resolved": "https://registry.npmjs.org/@types/react/-/react-18.2.29.tgz",
      "integrity": "sha512-Z+ZrIRocWtdD70j45izShRwDuiB4JZqDegqMFW/I8aG5DxxLKOzVNoq62UIO82v9bdgi+DO1jvsb9sTEZUSm+Q==",
      "dev": true,
      "requires": {
        "@types/prop-types": "*",
        "@types/scheduler": "*",
        "csstype": "^3.0.2"
      }
    },
    "@types/scheduler": {
      "version": "0.16.5",
      "resolved": "https://registry.npmjs.org/@types/scheduler/-/scheduler-0.16.5.tgz",
      "integrity": "sha512-s/FPdYRmZR8SjLWGMCuax7r3qCWQw9QKHzXVukAuuIJkXkDRwp+Pu5LMIVFi0Fxbav35WURicYr8u1QsoybnQw==",
      "dev": true
    },
    "csstype": {
      "version": "3.1.2",
      "resolved": "https://registry.npmjs.org/csstype/-/csstype-3.1.2.tgz",
      "integrity": "sha512-I7K1Uu0MBPzaFKg4nI5Q7Vs2t+3gWWW648spaF+Rg7pI9ds18Ugn+lvg4SHczUdKlHI5LWBXyqfS8+DufyBsgQ==",
      "dev": true
    },
    "fsevents": {
      "version": "2.3.3",
      "resolved": "https://registry.npmjs.org/fsevents/-/fsevents-2.3.3.tgz",
      "integrity": "sha512-5xoDfX+fL7faATnagmWPpbFtwh/R77WmMMqqHGS65C3vvB0YHrgF+B1YmZ3441tMj5n63k0212XNoJwzlhffQw==",
      "dev": true,
      "optional": true
    },
    "js-tokens": {
      "version": "4.0.0",
      "resolved": "https://registry.npmjs.org/js-tokens/-/js-tokens-4.0.0.tgz",
      "integrity": "sha512-RdJUflcE3cUzKiMqQgsCu06FPu9UdIJO0beYbPhHN4k6apgJtifcoCtT9bcxOpYBtpD2kCM6Sbzg4CausW/PKQ==",
      "dev": true
    },
    "loose-envify": {
      "version": "1.4.0",
      "resolved": "https://registry.npmjs.org/loose-envify/-/loose-envify-1.4.0.tgz",
      "integrity": "sha512-lyuxPGr/Wfhrlem2CL/UcnUc1zcqKAImBDzukY7Y5F/yQiNdko6+fRLevlw1HgMySw7f611UIY408EtxRSoK3Q==",
      "dev": true,
      "requires": {
        "js-tokens": "^3.0.0 || ^4.0.0"
      }
    },
    "react": {
      "version": "18.2.0",
      "resolved": "https://registry.npmjs.org/react/-/react-18.2.0.tgz",
      "integrity": "sha512-/3IjMdb2L9QbBdWiW5e3P2/npwMBaU9mHCSCUzNln0ZCYbcfTsGbTJrU/kGemdH2IWmB2ioZ+zkxtmq6g09fGQ==",
      "dev": true,
      "requires": {
        "loose-envify": "^1.1.0"
      }
    },
    "rollup": {
      "version": "4.1.4",
      "resolved": "https://registry.npmjs.org/rollup/-/rollup-4.1.4.tgz",
      "integrity": "sha512-U8Yk1lQRKqCkDBip/pMYT+IKaN7b7UesK3fLSTuHBoBJacCE+oBqo/dfG/gkUdQNNB2OBmRP98cn2C2bkYZkyw==",
      "dev": true,
      "requires": {
        "@rollup/rollup-android-arm-eabi": "4.1.4",
        "@rollup/rollup-android-arm64": "4.1.4",
        "@rollup/rollup-darwin-arm64": "4.1.4",
        "@rollup/rollup-darwin-x64": "4.1.4",
        "@rollup/rollup-linux-arm-gnueabihf": "4.1.4",
        "@rollup/rollup-linux-arm64-gnu": "4.1.4",
        "@rollup/rollup-linux-arm64-musl": "4.1.4",
        "@rollup/rollup-linux-x64-gnu": "4.1.4",
        "@rollup/rollup-linux-x64-musl": "4.1.4",
        "@rollup/rollup-win32-arm64-msvc": "4.1.4",
        "@rollup/rollup-win32-ia32-msvc": "4.1.4",
        "@rollup/rollup-win32-x64-msvc": "4.1.4",
        "fsevents": "~2.3.2"
      }
    },
    "typescript": {
      "version": "5.2.2",
      "resolved": "https://registry.npmjs.org/typescript/-/typescript-5.2.2.tgz",
      "integrity": "sha512-mI4WrpHsbCIcwT9cF4FZvr80QUeKvsUsUvKDoR+X/7XHQH98xYD8YHZg7ANtz2GtZt/CBq2QJ0thkGJMHfqc1w==",
      "dev": true
    }
  }
}
